
Microsoft Visual Studio Solution File, Format Version 12.00
# Visual Studio Version 16
VisualStudioVersion = 16.0.30128.74
MinimumVisualStudioVersion = 10.0.40219.1
Project("{2150E333-8FDC-42A3-9474-1A3956D46DE8}") = "Api", "Api", "{D8586F37-B3BC-410C-80E1-B62735F9B6BE}"
EndProject
Project("{2150E333-8FDC-42A3-9474-1A3956D46DE8}") = "Core", "Core", "{D6D890B7-8848-44EF-81DC-DB72D2525F63}"
EndProject
Project("{2150E333-8FDC-42A3-9474-1A3956D46DE8}") = "Infrastructure", "Infrastructure", "{F6897B6C-C5EE-4ACC-9873-E335EBD9BF4E}"
EndProject
Project("{2150E333-8FDC-42A3-9474-1A3956D46DE8}") = "src", "src", "{1287ED48-8CFB-4B77-92B9-3F80495A361A}"
EndProject
Project("{2150E333-8FDC-42A3-9474-1A3956D46DE8}") = "Tests", "Tests", "{62CAEC76-779A-4F4E-9A82-8AA6121BAC3B}"
EndProject
Project("{2150E333-8FDC-42A3-9474-1A3956D46DE8}") = "Common", "Common", "{FBF12F10-FFFF-4B11-A27B-9A1A7420A57F}"
EndProject
Project("{9A19103F-16F7-4668-BE54-9A1E7A4F7556}") = "Bonvivir.Domain", "Bonvivir.Domain\Bonvivir.Domain.csproj", "{00C3193F-A9C7-4EE0-94B0-5E05B776B746}"
EndProject
Project("{9A19103F-16F7-4668-BE54-9A1E7A4F7556}") = "Bonvivir.Application", "Bonvivir.Application\Bonvivir.Application.csproj", "{57F1A9EC-7C99-4F63-AF54-E7DBC1B48F91}"
EndProject
Project("{9A19103F-16F7-4668-BE54-9A1E7A4F7556}") = "Bonvivir.Infrastructure", "Bonvivir.Infraestructure\Bonvivir.Infrastructure.csproj", "{2B0FFF14-0AEB-4F01-896B-EB1BD5C33FD4}"
EndProject
Project("{9A19103F-16F7-4668-BE54-9A1E7A4F7556}") = "Bonvivir.WebApi", "Bonvivir.WebApi\Bonvivir.WebApi.csproj", "{E0BB401F-DF72-4A85-ABFF-A5188DC1E283}"
EndProject
Project("{9A19103F-16F7-4668-BE54-9A1E7A4F7556}") = "Bonvivir.Persistence", "Bonvivir.Persistence\Bonvivir.Persistence.csproj", "{C4FC452F-F144-4329-9FD3-68E057471B71}"
EndProject
Project("{9A19103F-16F7-4668-BE54-9A1E7A4F7556}") = "Bonvivir.Domain.Tests", "Bonvivir.Domain.Tests\Bonvivir.Domain.Tests.csproj", "{124D9655-6629-4B7E-A95C-8BE491018935}"
EndProject
Project("{9A19103F-16F7-4668-BE54-9A1E7A4F7556}") = "Bonvivir.Application.Tests", "Bonvivir.Application.Tests\Bonvivir.Application.Tests.csproj", "{E899CF01-54BB-46C2-ABB3-48A6963AE3B6}"
EndProject
Project("{9A19103F-16F7-4668-BE54-9A1E7A4F7556}") = "Bonvivir.Logging", "Bonvivir.Logging\Bonvivir.Logging.csproj", "{9BF7E55C-5C37-4359-9211-285B47993501}"
EndProject
Global
	GlobalSection(SolutionConfigurationPlatforms) = preSolution
		Debug|Any CPU = Debug|Any CPU
		Release|Any CPU = Release|Any CPU
	EndGlobalSection
	GlobalSection(ProjectConfigurationPlatforms) = postSolution
		{00C3193F-A9C7-4EE0-94B0-5E05B776B746}.Debug|Any CPU.ActiveCfg = Debug|Any CPU
		{00C3193F-A9C7-4EE0-94B0-5E05B776B746}.Debug|Any CPU.Build.0 = Debug|Any CPU
		{00C3193F-A9C7-4EE0-94B0-5E05B776B746}.Release|Any CPU.ActiveCfg = Release|Any CPU
		{00C3193F-A9C7-4EE0-94B0-5E05B776B746}.Release|Any CPU.Build.0 = Release|Any CPU
		{57F1A9EC-7C99-4F63-AF54-E7DBC1B48F91}.Debug|Any CPU.ActiveCfg = Debug|Any CPU
		{57F1A9EC-7C99-4F63-AF54-E7DBC1B48F91}.Debug|Any CPU.Build.0 = Debug|Any CPU
		{57F1A9EC-7C99-4F63-AF54-E7DBC1B48F91}.Release|Any CPU.ActiveCfg = Release|Any CPU
		{57F1A9EC-7C99-4F63-AF54-E7DBC1B48F91}.Release|Any CPU.Build.0 = Release|Any CPU
		{2B0FFF14-0AEB-4F01-896B-EB1BD5C33FD4}.Debug|Any CPU.ActiveCfg = Debug|Any CPU
		{2B0FFF14-0AEB-4F01-896B-EB1BD5C33FD4}.Debug|Any CPU.Build.0 = Debug|Any CPU
		{2B0FFF14-0AEB-4F01-896B-EB1BD5C33FD4}.Release|Any CPU.ActiveCfg = Release|Any CPU
		{2B0FFF14-0AEB-4F01-896B-EB1BD5C33FD4}.Release|Any CPU.Build.0 = Release|Any CPU
		{E0BB401F-DF72-4A85-ABFF-A5188DC1E283}.Debug|Any CPU.ActiveCfg = Debug|Any CPU
		{E0BB401F-DF72-4A85-ABFF-A5188DC1E283}.Debug|Any CPU.Build.0 = Debug|Any CPU
		{E0BB401F-DF72-4A85-ABFF-A5188DC1E283}.Release|Any CPU.ActiveCfg = Release|Any CPU
		{E0BB401F-DF72-4A85-ABFF-A5188DC1E283}.Release|Any CPU.Build.0 = Release|Any CPU
		{C4FC452F-F144-4329-9FD3-68E057471B71}.Debug|Any CPU.ActiveCfg = Debug|Any CPU
		{C4FC452F-F144-4329-9FD3-68E057471B71}.Debug|Any CPU.Build.0 = Debug|Any CPU
		{C4FC452F-F144-4329-9FD3-68E057471B71}.Release|Any CPU.ActiveCfg = Release|Any CPU
		{C4FC452F-F144-4329-9FD3-68E057471B71}.Release|Any CPU.Build.0 = Release|Any CPU
		{124D9655-6629-4B7E-A95C-8BE491018935}.Debug|Any CPU.ActiveCfg = Debug|Any CPU
		{124D9655-6629-4B7E-A95C-8BE491018935}.Debug|Any CPU.Build.0 = Debug|Any CPU
		{124D9655-6629-4B7E-A95C-8BE491018935}.Release|Any CPU.ActiveCfg = Release|Any CPU
		{124D9655-6629-4B7E-A95C-8BE491018935}.Release|Any CPU.Build.0 = Release|Any CPU
		{E899CF01-54BB-46C2-ABB3-48A6963AE3B6}.Debug|Any CPU.ActiveCfg = Debug|Any CPU
		{E899CF01-54BB-46C2-ABB3-48A6963AE3B6}.Debug|Any CPU.Build.0 = Debug|Any CPU
		{E899CF01-54BB-46C2-ABB3-48A6963AE3B6}.Release|Any CPU.ActiveCfg = Release|Any CPU
		{E899CF01-54BB-46C2-ABB3-48A6963AE3B6}.Release|Any CPU.Build.0 = Release|Any CPU
		{9BF7E55C-5C37-4359-9211-285B47993501}.Debug|Any CPU.ActiveCfg = Debug|Any CPU
		{9BF7E55C-5C37-4359-9211-285B47993501}.Debug|Any CPU.Build.0 = Debug|Any CPU
		{9BF7E55C-5C37-4359-9211-285B47993501}.Release|Any CPU.ActiveCfg = Release|Any CPU
		{9BF7E55C-5C37-4359-9211-285B47993501}.Release|Any CPU.Build.0 = Release|Any CPU
	EndGlobalSection
	GlobalSection(SolutionProperties) = preSolution
		HideSolutionNode = FALSE
	EndGlobalSection
	GlobalSection(NestedProjects) = preSolution
		{D8586F37-B3BC-410C-80E1-B62735F9B6BE} = {1287ED48-8CFB-4B77-92B9-3F80495A361A}
		{D6D890B7-8848-44EF-81DC-DB72D2525F63} = {1287ED48-8CFB-4B77-92B9-3F80495A361A}
		{F6897B6C-C5EE-4ACC-9873-E335EBD9BF4E} = {1287ED48-8CFB-4B77-92B9-3F80495A361A}
		{FBF12F10-FFFF-4B11-A27B-9A1A7420A57F} = {1287ED48-8CFB-4B77-92B9-3F80495A361A}
		{00C3193F-A9C7-4EE0-94B0-5E05B776B746} = {D6D890B7-8848-44EF-81DC-DB72D2525F63}
		{57F1A9EC-7C99-4F63-AF54-E7DBC1B48F91} = {D6D890B7-8848-44EF-81DC-DB72D2525F63}
		{2B0FFF14-0AEB-4F01-896B-EB1BD5C33FD4} = {F6897B6C-C5EE-4ACC-9873-E335EBD9BF4E}
		{E0BB401F-DF72-4A85-ABFF-A5188DC1E283} = {D8586F37-B3BC-410C-80E1-B62735F9B6BE}
		{C4FC452F-F144-4329-9FD3-68E057471B71} = {F6897B6C-C5EE-4ACC-9873-E335EBD9BF4E}
		{124D9655-6629-4B7E-A95C-8BE491018935} = {62CAEC76-779A-4F4E-9A82-8AA6121BAC3B}
		{E899CF01-54BB-46C2-ABB3-48A6963AE3B6} = {62CAEC76-779A-4F4E-9A82-8AA6121BAC3B}
		{9BF7E55C-5C37-4359-9211-285B47993501} = {FBF12F10-FFFF-4B11-A27B-9A1A7420A57F}
	EndGlobalSection
	GlobalSection(ExtensibilityGlobals) = postSolution
		SolutionGuid = {2CB67A98-1316-46AA-9A0A-BCBD50A8C2C5}
	EndGlobalSection
EndGlobal
